
Microsoft Visual Studio Solution File, Format Version 12.00
# Visual Studio Version 18
VisualStudioVersion = 18.3.11520.95 d18.3
MinimumVisualStudioVersion = 10.0.40219.1
Project("{2150E333-8FDC-42A3-9474-1A3956D46DE8}") = "src", "src", "{827E0CD3-B72D-47B6-A68D-7590B98EB39B}"
EndProject
Project("{FAE04EC0-301F-11D3-BF4B-00C04F79EFBC}") = "ModularCommerce.Api", "src\ModularCommerce.Api\ModularCommerce.Api.csproj", "{EF6B8455-F63F-4C4C-A7AA-F9FF8263ED91}"
EndProject
Project("{FAE04EC0-301F-11D3-BF4B-00C04F79EFBC}") = "ModularCommerce.Application", "src\ModularCommerce.Application\ModularCommerce.Application.csproj", "{D7440074-9FF1-45A0-BBCA-CBBE37A45726}"
EndProject
Project("{FAE04EC0-301F-11D3-BF4B-00C04F79EFBC}") = "ModularCommerce.Domain", "src\ModularCommerce.Domain\ModularCommerce.Domain.csproj", "{E4AAB40D-F803-4804-AFDF-BC2FD77407D5}"
EndProject
Project("{FAE04EC0-301F-11D3-BF4B-00C04F79EFBC}") = "ModularCommerce.Infrastructure", "src\ModularCommerce.Infrastructure\ModularCommerce.Infrastructure.csproj", "{B887EB64-B13A-4040-823E-192B91EDA820}"
EndProject
Project("{2150E333-8FDC-42A3-9474-1A3956D46DE8}") = "Solution Items", "Solution Items", "{8EC462FD-D22E-90A8-E5CE-7E832BA40C5D}"
	ProjectSection(SolutionItems) = preProject
		docker-compose.yml = docker-compose.yml
		.env = .env
		env.example = env.example
	EndProjectSection
EndProject
Global
	GlobalSection(SolutionConfigurationPlatforms) = preSolution
		Debug|Any CPU = Debug|Any CPU
		Debug|x64 = Debug|x64
		Debug|x86 = Debug|x86
		Release|Any CPU = Release|Any CPU
		Release|x64 = Release|x64
		Release|x86 = Release|x86
	EndGlobalSection
	GlobalSection(ProjectConfigurationPlatforms) = postSolution
		{EF6B8455-F63F-4C4C-A7AA-F9FF8263ED91}.Debug|Any CPU.ActiveCfg = Debug|Any CPU
		{EF6B8455-F63F-4C4C-A7AA-F9FF8263ED91}.Debug|Any CPU.Build.0 = Debug|Any CPU
		{EF6B8455-F63F-4C4C-A7AA-F9FF8263ED91}.Debug|x64.ActiveCfg = Debug|Any CPU
		{EF6B8455-F63F-4C4C-A7AA-F9FF8263ED91}.Debug|x64.Build.0 = Debug|Any CPU
		{EF6B8455-F63F-4C4C-A7AA-F9FF8263ED91}.Debug|x86.ActiveCfg = Debug|Any CPU
		{EF6B8455-F63F-4C4C-A7AA-F9FF8263ED91}.Debug|x86.Build.0 = Debug|Any CPU
		{EF6B8455-F63F-4C4C-A7AA-F9FF8263ED91}.Release|Any CPU.ActiveCfg = Release|Any CPU
		{EF6B8455-F63F-4C4C-A7AA-F9FF8263ED91}.Release|Any CPU.Build.0 = Release|Any CPU
		{EF6B8455-F63F-4C4C-A7AA-F9FF8263ED91}.Release|x64.ActiveCfg = Release|Any CPU
		{EF6B8455-F63F-4C4C-A7AA-F9FF8263ED91}.Release|x64.Build.0 = Release|Any CPU
		{EF6B8455-F63F-4C4C-A7AA-F9FF8263ED91}.Release|x86.ActiveCfg = Release|Any CPU
		{EF6B8455-F63F-4C4C-A7AA-F9FF8263ED91}.Release|x86.Build.0 = Release|Any CPU
		{D7440074-9FF1-45A0-BBCA-CBBE37A45726}.Debug|Any CPU.ActiveCfg = Debug|Any CPU
		{D7440074-9FF1-45A0-BBCA-CBBE37A45726}.Debug|Any CPU.Build.0 = Debug|Any CPU
		{D7440074-9FF1-45A0-BBCA-CBBE37A45726}.Debug|x64.ActiveCfg = Debug|Any CPU
		{D7440074-9FF1-45A0-BBCA-CBBE37A45726}.Debug|x64.Build.0 = Debug|Any CPU
		{D7440074-9FF1-45A0-BBCA-CBBE37A45726}.Debug|x86.ActiveCfg = Debug|Any CPU
		{D7440074-9FF1-45A0-BBCA-CBBE37A45726}.Debug|x86.Build.0 = Debug|Any CPU
		{D7440074-9FF1-45A0-BBCA-CBBE37A45726}.Release|Any CPU.ActiveCfg = Release|Any CPU
		{D7440074-9FF1-45A0-BBCA-CBBE37A45726}.Release|Any CPU.Build.0 = Release|Any CPU
		{D7440074-9FF1-45A0-BBCA-CBBE37A45726}.Release|x64.ActiveCfg = Release|Any CPU
		{D7440074-9FF1-45A0-BBCA-CBBE37A45726}.Release|x64.Build.0 = Release|Any CPU
		{D7440074-9FF1-45A0-BBCA-CBBE37A45726}.Release|x86.ActiveCfg = Release|Any CPU
		{D7440074-9FF1-45A0-BBCA-CBBE37A45726}.Release|x86.Build.0 = Release|Any CPU
		{E4AAB40D-F803-4804-AFDF-BC2FD77407D5}.Debug|Any CPU.ActiveCfg = Debug|Any CPU
		{E4AAB40D-F803-4804-AFDF-BC2FD77407D5}.Debug|Any CPU.Build.0 = Debug|Any CPU
		{E4AAB40D-F803-4804-AFDF-BC2FD77407D5}.Debug|x64.ActiveCfg = Debug|Any CPU
		{E4AAB40D-F803-4804-AFDF-BC2FD77407D5}.Debug|x64.Build.0 = Debug|Any CPU
		{E4AAB40D-F803-4804-AFDF-BC2FD77407D5}.Debug|x86.ActiveCfg = Debug|Any CPU
		{E4AAB40D-F803-4804-AFDF-BC2FD77407D5}.Debug|x86.Build.0 = Debug|Any CPU
		{E4AAB40D-F803-4804-AFDF-BC2FD77407D5}.Release|Any CPU.ActiveCfg = Release|Any CPU
		{E4AAB40D-F803-4804-AFDF-BC2FD77407D5}.Release|Any CPU.Build.0 = Release|Any CPU
		{E4AAB40D-F803-4804-AFDF-BC2FD77407D5}.Release|x64.ActiveCfg = Release|Any CPU
		{E4AAB40D-F803-4804-AFDF-BC2FD77407D5}.Release|x64.Build.0 = Release|Any CPU
		{E4AAB40D-F803-4804-AFDF-BC2FD77407D5}.Release|x86.ActiveCfg = Release|Any CPU
		{E4AAB40D-F803-4804-AFDF-BC2FD77407D5}.Release|x86.Build.0 = Release|Any CPU
		{B887EB64-B13A-4040-823E-192B91EDA820}.Debug|Any CPU.ActiveCfg = Debug|Any CPU
		{B887EB64-B13A-4040-823E-192B91EDA820}.Debug|Any CPU.Build.0 = Debug|Any CPU
		{B887EB64-B13A-4040-823E-192B91EDA820}.Debug|x64.ActiveCfg = Debug|Any CPU
		{B887EB64-B13A-4040-823E-192B91EDA820}.Debug|x64.Build.0 = Debug|Any CPU
		{B887EB64-B13A-4040-823E-192B91EDA820}.Debug|x86.ActiveCfg = Debug|Any CPU
		{B887EB64-B13A-4040-823E-192B91EDA820}.Debug|x86.Build.0 = Debug|Any CPU
		{B887EB64-B13A-4040-823E-192B91EDA820}.Release|Any CPU.ActiveCfg = Release|Any CPU
		{B887EB64-B13A-4040-823E-192B91EDA820}.Release|Any CPU.Build.0 = Release|Any CPU
		{B887EB64-B13A-4040-823E-192B91EDA820}.Release|x64.ActiveCfg = Release|Any CPU
		{B887EB64-B13A-4040-823E-192B91EDA820}.Release|x64.Build.0 = Release|Any CPU
		{B887EB64-B13A-4040-823E-192B91EDA820}.Release|x86.ActiveCfg = Release|Any CPU
		{B887EB64-B13A-4040-823E-192B91EDA820}.Release|x86.Build.0 = Release|Any CPU
	EndGlobalSection
	GlobalSection(SolutionProperties) = preSolution
		HideSolutionNode = FALSE
	EndGlobalSection
	GlobalSection(NestedProjects) = preSolution
		{EF6B8455-F63F-4C4C-A7AA-F9FF8263ED91} = {827E0CD3-B72D-47B6-A68D-7590B98EB39B}
		{D7440074-9FF1-45A0-BBCA-CBBE37A45726} = {827E0CD3-B72D-47B6-A68D-7590B98EB39B}
		{E4AAB40D-F803-4804-AFDF-BC2FD77407D5} = {827E0CD3-B72D-47B6-A68D-7590B98EB39B}
		{B887EB64-B13A-4040-823E-192B91EDA820} = {827E0CD3-B72D-47B6-A68D-7590B98EB39B}
	EndGlobalSection
	GlobalSection(ExtensibilityGlobals) = postSolution
		SolutionGuid = {0E414DD7-635B-4ABC-B1B8-50F5213BF70F}
	EndGlobalSection
EndGlobal
